
Microsoft Visual Studio Solution File, Format Version 12.00
# Visual Studio 15
VisualStudioVersion = 15.0.27130.2024
MinimumVisualStudioVersion = 10.0.40219.1
Project("{FAE04EC0-301F-11D3-BF4B-00C04F79EFBC}") = "FormIO.Android", "FormIO\FormIO.Android\FormIO.Android.csproj", "{62E33807-8ABF-47B9-81CD-8F8B25091870}"
EndProject
Project("{FAE04EC0-301F-11D3-BF4B-00C04F79EFBC}") = "FormIO.iOS", "FormIO\FormIO.iOS\FormIO.iOS.csproj", "{22D89CB1-05F8-43D0-B867-ABFCD50A7D03}"
EndProject
Project("{FAE04EC0-301F-11D3-BF4B-00C04F79EFBC}") = "FormIO.UWP", "FormIO\FormIO.UWP\FormIO.UWP.csproj", "{CD520C7B-052B-47BF-9359-AE1EF4F56D21}"
EndProject
Project("{FAE04EC0-301F-11D3-BF4B-00C04F79EFBC}") = "FormIO", "FormIO\FormIO\FormIO.csproj", "{CD0B4E81-5DC3-4F4D-B27A-111B66931810}"
EndProject
Global
	GlobalSection(SolutionConfigurationPlatforms) = preSolution
		Ad-Hoc|Any CPU = Ad-Hoc|Any CPU
		Ad-Hoc|ARM = Ad-Hoc|ARM
		Ad-Hoc|iPhone = Ad-Hoc|iPhone
		Ad-Hoc|iPhoneSimulator = Ad-Hoc|iPhoneSimulator
		Ad-Hoc|x64 = Ad-Hoc|x64
		Ad-Hoc|x86 = Ad-Hoc|x86
		AppStore|Any CPU = AppStore|Any CPU
		AppStore|ARM = AppStore|ARM
		AppStore|iPhone = AppStore|iPhone
		AppStore|iPhoneSimulator = AppStore|iPhoneSimulator
		AppStore|x64 = AppStore|x64
		AppStore|x86 = AppStore|x86
		Debug|Any CPU = Debug|Any CPU
		Debug|ARM = Debug|ARM
		Debug|iPhone = Debug|iPhone
		Debug|iPhoneSimulator = Debug|iPhoneSimulator
		Debug|x64 = Debug|x64
		Debug|x86 = Debug|x86
		Release|Any CPU = Release|Any CPU
		Release|ARM = Release|ARM
		Release|iPhone = Release|iPhone
		Release|iPhoneSimulator = Release|iPhoneSimulator
		Release|x64 = Release|x64
		Release|x86 = Release|x86
	EndGlobalSection
	GlobalSection(ProjectConfigurationPlatforms) = postSolution
		{62E33807-8ABF-47B9-81CD-8F8B25091870}.Ad-Hoc|Any CPU.ActiveCfg = Release|Any CPU
		{62E33807-8ABF-47B9-81CD-8F8B25091870}.Ad-Hoc|Any CPU.Build.0 = Release|Any CPU
		{62E33807-8ABF-47B9-81CD-8F8B25091870}.Ad-Hoc|Any CPU.Deploy.0 = Release|Any CPU
		{62E33807-8ABF-47B9-81CD-8F8B25091870}.Ad-Hoc|ARM.ActiveCfg = Release|Any CPU
		{62E33807-8ABF-47B9-81CD-8F8B25091870}.Ad-Hoc|ARM.Build.0 = Release|Any CPU
		{62E33807-8ABF-47B9-81CD-8F8B25091870}.Ad-Hoc|ARM.Deploy.0 = Release|Any CPU
		{62E33807-8ABF-47B9-81CD-8F8B25091870}.Ad-Hoc|iPhone.ActiveCfg = Release|Any CPU
		{62E33807-8ABF-47B9-81CD-8F8B25091870}.Ad-Hoc|iPhone.Build.0 = Release|Any CPU
		{62E33807-8ABF-47B9-81CD-8F8B25091870}.Ad-Hoc|iPhone.Deploy.0 = Release|Any CPU
		{62E33807-8ABF-47B9-81CD-8F8B25091870}.Ad-Hoc|iPhoneSimulator.ActiveCfg = Release|Any CPU
		{62E33807-8ABF-47B9-81CD-8F8B25091870}.Ad-Hoc|iPhoneSimulator.Build.0 = Release|Any CPU
		{62E33807-8ABF-47B9-81CD-8F8B25091870}.Ad-Hoc|iPhoneSimulator.Deploy.0 = Release|Any CPU
		{62E33807-8ABF-47B9-81CD-8F8B25091870}.Ad-Hoc|x64.ActiveCfg = Release|Any CPU
		{62E33807-8ABF-47B9-81CD-8F8B25091870}.Ad-Hoc|x64.Build.0 = Release|Any CPU
		{62E33807-8ABF-47B9-81CD-8F8B25091870}.Ad-Hoc|x64.Deploy.0 = Release|Any CPU
		{62E33807-8ABF-47B9-81CD-8F8B25091870}.Ad-Hoc|x86.ActiveCfg = Release|Any CPU
		{62E33807-8ABF-47B9-81CD-8F8B25091870}.Ad-Hoc|x86.Build.0 = Release|Any CPU
		{62E33807-8ABF-47B9-81CD-8F8B25091870}.Ad-Hoc|x86.Deploy.0 = Release|Any CPU
		{62E33807-8ABF-47B9-81CD-8F8B25091870}.AppStore|Any CPU.ActiveCfg = Release|Any CPU
		{62E33807-8ABF-47B9-81CD-8F8B25091870}.AppStore|Any CPU.Build.0 = Release|Any CPU
		{62E33807-8ABF-47B9-81CD-8F8B25091870}.AppStore|Any CPU.Deploy.0 = Release|Any CPU
		{62E33807-8ABF-47B9-81CD-8F8B25091870}.AppStore|ARM.ActiveCfg = Release|Any CPU
		{62E33807-8ABF-47B9-81CD-8F8B25091870}.AppStore|ARM.Build.0 = Release|Any CPU
		{62E33807-8ABF-47B9-81CD-8F8B25091870}.AppStore|ARM.Deploy.0 = Release|Any CPU
		{62E33807-8ABF-47B9-81CD-8F8B25091870}.AppStore|iPhone.ActiveCfg = Release|Any CPU
		{62E33807-8ABF-47B9-81CD-8F8B25091870}.AppStore|iPhone.Build.0 = Release|Any CPU
		{62E33807-8ABF-47B9-81CD-8F8B25091870}.AppStore|iPhone.Deploy.0 = Release|Any CPU
		{62E33807-8ABF-47B9-81CD-8F8B25091870}.AppStore|iPhoneSimulator.ActiveCfg = Release|Any CPU
		{62E33807-8ABF-47B9-81CD-8F8B25091870}.AppStore|iPhoneSimulator.Build.0 = Release|Any CPU
		{62E33807-8ABF-47B9-81CD-8F8B25091870}.AppStore|iPhoneSimulator.Deploy.0 = Release|Any CPU
		{62E33807-8ABF-47B9-81CD-8F8B25091870}.AppStore|x64.ActiveCfg = Release|Any CPU
		{62E33807-8ABF-47B9-81CD-8F8B25091870}.AppStore|x64.Build.0 = Release|Any CPU
		{62E33807-8ABF-47B9-81CD-8F8B25091870}.AppStore|x64.Deploy.0 = Release|Any CPU
		{62E33807-8ABF-47B9-81CD-8F8B25091870}.AppStore|x86.ActiveCfg = Release|Any CPU
		{62E33807-8ABF-47B9-81CD-8F8B25091870}.AppStore|x86.Build.0 = Release|Any CPU
		{62E33807-8ABF-47B9-81CD-8F8B25091870}.AppStore|x86.Deploy.0 = Release|Any CPU
		{62E33807-8ABF-47B9-81CD-8F8B25091870}.Debug|Any CPU.ActiveCfg = Debug|Any CPU
		{62E33807-8ABF-47B9-81CD-8F8B25091870}.Debug|Any CPU.Build.0 = Debug|Any CPU
		{62E33807-8ABF-47B9-81CD-8F8B25091870}.Debug|Any CPU.Deploy.0 = Debug|Any CPU
		{62E33807-8ABF-47B9-81CD-8F8B25091870}.Debug|ARM.ActiveCfg = Debug|Any CPU
		{62E33807-8ABF-47B9-81CD-8F8B25091870}.Debug|ARM.Build.0 = Debug|Any CPU
		{62E33807-8ABF-47B9-81CD-8F8B25091870}.Debug|ARM.Deploy.0 = Debug|Any CPU
		{62E33807-8ABF-47B9-81CD-8F8B25091870}.Debug|iPhone.ActiveCfg = Debug|Any CPU
		{62E33807-8ABF-47B9-81CD-8F8B25091870}.Debug|iPhone.Build.0 = Debug|Any CPU
		{62E33807-8ABF-47B9-81CD-8F8B25091870}.Debug|iPhone.Deploy.0 = Debug|Any CPU
		{62E33807-8ABF-47B9-81CD-8F8B25091870}.Debug|iPhoneSimulator.ActiveCfg = Debug|Any CPU
		{62E33807-8ABF-47B9-81CD-8F8B25091870}.Debug|iPhoneSimulator.Build.0 = Debug|Any CPU
		{62E33807-8ABF-47B9-81CD-8F8B25091870}.Debug|iPhoneSimulator.Deploy.0 = Debug|Any CPU
		{62E33807-8ABF-47B9-81CD-8F8B25091870}.Debug|x64.ActiveCfg = Debug|Any CPU
		{62E33807-8ABF-47B9-81CD-8F8B25091870}.Debug|x64.Build.0 = Debug|Any CPU
		{62E33807-8ABF-47B9-81CD-8F8B25091870}.Debug|x64.Deploy.0 = Debug|Any CPU
		{62E33807-8ABF-47B9-81CD-8F8B25091870}.Debug|x86.ActiveCfg = Debug|Any CPU
		{62E33807-8ABF-47B9-81CD-8F8B25091870}.Debug|x86.Build.0 = Debug|Any CPU
		{62E33807-8ABF-47B9-81CD-8F8B25091870}.Debug|x86.Deploy.0 = Debug|Any CPU
		{62E33807-8ABF-47B9-81CD-8F8B25091870}.Release|Any CPU.ActiveCfg = Release|Any CPU
		{62E33807-8ABF-47B9-81CD-8F8B25091870}.Release|Any CPU.Build.0 = Release|Any CPU
		{62E33807-8ABF-47B9-81CD-8F8B25091870}.Release|Any CPU.Deploy.0 = Release|Any CPU
		{62E33807-8ABF-47B9-81CD-8F8B25091870}.Release|ARM.ActiveCfg = Release|Any CPU
		{62E33807-8ABF-47B9-81CD-8F8B25091870}.Release|ARM.Build.0 = Release|Any CPU
		{62E33807-8ABF-47B9-81CD-8F8B25091870}.Release|ARM.Deploy.0 = Release|Any CPU
		{62E33807-8ABF-47B9-81CD-8F8B25091870}.Release|iPhone.ActiveCfg = Release|Any CPU
		{62E33807-8ABF-47B9-81CD-8F8B25091870}.Release|iPhone.Build.0 = Release|Any CPU
		{62E33807-8ABF-47B9-81CD-8F8B25091870}.Release|iPhone.Deploy.0 = Release|Any CPU
		{62E33807-8ABF-47B9-81CD-8F8B25091870}.Release|iPhoneSimulator.ActiveCfg = Release|Any CPU
		{62E33807-8ABF-47B9-81CD-8F8B25091870}.Release|iPhoneSimulator.Build.0 = Release|Any CPU
		{62E33807-8ABF-47B9-81CD-8F8B25091870}.Release|iPhoneSimulator.Deploy.0 = Release|Any CPU
		{62E33807-8ABF-47B9-81CD-8F8B25091870}.Release|x64.ActiveCfg = Release|Any CPU
		{62E33807-8ABF-47B9-81CD-8F8B25091870}.Release|x64.Build.0 = Release|Any CPU
		{62E33807-8ABF-47B9-81CD-8F8B25091870}.Release|x64.Deploy.0 = Release|Any CPU
		{62E33807-8ABF-47B9-81CD-8F8B25091870}.Release|x86.ActiveCfg = Release|Any CPU
		{62E33807-8ABF-47B9-81CD-8F8B25091870}.Release|x86.Build.0 = Release|Any CPU
		{62E33807-8ABF-47B9-81CD-8F8B25091870}.Release|x86.Deploy.0 = Release|Any CPU
		{22D89CB1-05F8-43D0-B867-ABFCD50A7D03}.Ad-Hoc|Any CPU.ActiveCfg = Ad-Hoc|iPhone
		{22D89CB1-05F8-43D0-B867-ABFCD50A7D03}.Ad-Hoc|ARM.ActiveCfg = Ad-Hoc|iPhone
		{22D89CB1-05F8-43D0-B867-ABFCD50A7D03}.Ad-Hoc|iPhone.ActiveCfg = Ad-Hoc|iPhone
		{22D89CB1-05F8-43D0-B867-ABFCD50A7D03}.Ad-Hoc|iPhone.Build.0 = Ad-Hoc|iPhone
		{22D89CB1-05F8-43D0-B867-ABFCD50A7D03}.Ad-Hoc|iPhoneSimulator.ActiveCfg = Ad-Hoc|iPhoneSimulator
		{22D89CB1-05F8-43D0-B867-ABFCD50A7D03}.Ad-Hoc|iPhoneSimulator.Build.0 = Ad-Hoc|iPhoneSimulator
		{22D89CB1-05F8-43D0-B867-ABFCD50A7D03}.Ad-Hoc|x64.ActiveCfg = Ad-Hoc|iPhone
		{22D89CB1-05F8-43D0-B867-ABFCD50A7D03}.Ad-Hoc|x86.ActiveCfg = Ad-Hoc|iPhone
		{22D89CB1-05F8-43D0-B867-ABFCD50A7D03}.AppStore|Any CPU.ActiveCfg = AppStore|iPhone
		{22D89CB1-05F8-43D0-B867-ABFCD50A7D03}.AppStore|ARM.ActiveCfg = AppStore|iPhone
		{22D89CB1-05F8-43D0-B867-ABFCD50A7D03}.AppStore|iPhone.ActiveCfg = AppStore|iPhone
		{22D89CB1-05F8-43D0-B867-ABFCD50A7D03}.AppStore|iPhone.Build.0 = AppStore|iPhone
		{22D89CB1-05F8-43D0-B867-ABFCD50A7D03}.AppStore|iPhoneSimulator.ActiveCfg = AppStore|iPhoneSimulator
		{22D89CB1-05F8-43D0-B867-ABFCD50A7D03}.AppStore|iPhoneSimulator.Build.0 = AppStore|iPhoneSimulator
		{22D89CB1-05F8-43D0-B867-ABFCD50A7D03}.AppStore|x64.ActiveCfg = AppStore|iPhone
		{22D89CB1-05F8-43D0-B867-ABFCD50A7D03}.AppStore|x86.ActiveCfg = AppStore|iPhone
		{22D89CB1-05F8-43D0-B867-ABFCD50A7D03}.Debug|Any CPU.ActiveCfg = Debug|iPhone
		{22D89CB1-05F8-43D0-B867-ABFCD50A7D03}.Debug|ARM.ActiveCfg = Debug|iPhone
		{22D89CB1-05F8-43D0-B867-ABFCD50A7D03}.Debug|iPhone.ActiveCfg = Debug|iPhone
		{22D89CB1-05F8-43D0-B867-ABFCD50A7D03}.Debug|iPhone.Build.0 = Debug|iPhone
		{22D89CB1-05F8-43D0-B867-ABFCD50A7D03}.Debug|iPhoneSimulator.ActiveCfg = Debug|iPhoneSimulator
		{22D89CB1-05F8-43D0-B867-ABFCD50A7D03}.Debug|iPhoneSimulator.Build.0 = Debug|iPhoneSimulator
		{22D89CB1-05F8-43D0-B867-ABFCD50A7D03}.Debug|x64.ActiveCfg = Debug|iPhone
		{22D89CB1-05F8-43D0-B867-ABFCD50A7D03}.Debug|x86.ActiveCfg = Debug|iPhone
		{22D89CB1-05F8-43D0-B867-ABFCD50A7D03}.Release|Any CPU.ActiveCfg = Release|iPhone
		{22D89CB1-05F8-43D0-B867-ABFCD50A7D03}.Release|ARM.ActiveCfg = Release|iPhone
		{22D89CB1-05F8-43D0-B867-ABFCD50A7D03}.Release|iPhone.ActiveCfg = Release|iPhone
		{22D89CB1-05F8-43D0-B867-ABFCD50A7D03}.Release|iPhone.Build.0 = Release|iPhone
		{22D89CB1-05F8-43D0-B867-ABFCD50A7D03}.Release|iPhoneSimulator.ActiveCfg = Release|iPhoneSimulator
		{22D89CB1-05F8-43D0-B867-ABFCD50A7D03}.Release|iPhoneSimulator.Build.0 = Release|iPhoneSimulator
		{22D89CB1-05F8-43D0-B867-ABFCD50A7D03}.Release|x64.ActiveCfg = Release|iPhone
		{22D89CB1-05F8-43D0-B867-ABFCD50A7D03}.Release|x86.ActiveCfg = Release|iPhone
		{CD520C7B-052B-47BF-9359-AE1EF4F56D21}.Ad-Hoc|Any CPU.ActiveCfg = Release|x86
		{CD520C7B-052B-47BF-9359-AE1EF4F56D21}.Ad-Hoc|Any CPU.Build.0 = Release|x86
		{CD520C7B-052B-47BF-9359-AE1EF4F56D21}.Ad-Hoc|Any CPU.Deploy.0 = Release|x86
		{CD520C7B-052B-47BF-9359-AE1EF4F56D21}.Ad-Hoc|ARM.ActiveCfg = Release|ARM
		{CD520C7B-052B-47BF-9359-AE1EF4F56D21}.Ad-Hoc|ARM.Build.0 = Release|ARM
		{CD520C7B-052B-47BF-9359-AE1EF4F56D21}.Ad-Hoc|ARM.Deploy.0 = Release|ARM
		{CD520C7B-052B-47BF-9359-AE1EF4F56D21}.Ad-Hoc|iPhone.ActiveCfg = Release|x86
		{CD520C7B-052B-47BF-9359-AE1EF4F56D21}.Ad-Hoc|iPhone.Build.0 = Release|x86
		{CD520C7B-052B-47BF-9359-AE1EF4F56D21}.Ad-Hoc|iPhone.Deploy.0 = Release|x86
		{CD520C7B-052B-47BF-9359-AE1EF4F56D21}.Ad-Hoc|iPhoneSimulator.ActiveCfg = Release|x86
		{CD520C7B-052B-47BF-9359-AE1EF4F56D21}.Ad-Hoc|iPhoneSimulator.Build.0 = Release|x86
		{CD520C7B-052B-47BF-9359-AE1EF4F56D21}.Ad-Hoc|iPhoneSimulator.Deploy.0 = Release|x86
		{CD520C7B-052B-47BF-9359-AE1EF4F56D21}.Ad-Hoc|x64.ActiveCfg = Release|x64
		{CD520C7B-052B-47BF-9359-AE1EF4F56D21}.Ad-Hoc|x64.Build.0 = Release|x64
		{CD520C7B-052B-47BF-9359-AE1EF4F56D21}.Ad-Hoc|x64.Deploy.0 = Release|x64
		{CD520C7B-052B-47BF-9359-AE1EF4F56D21}.Ad-Hoc|x86.ActiveCfg = Release|x86
		{CD520C7B-052B-47BF-9359-AE1EF4F56D21}.Ad-Hoc|x86.Build.0 = Release|x86
		{CD520C7B-052B-47BF-9359-AE1EF4F56D21}.Ad-Hoc|x86.Deploy.0 = Release|x86
		{CD520C7B-052B-47BF-9359-AE1EF4F56D21}.AppStore|Any CPU.ActiveCfg = Release|x86
		{CD520C7B-052B-47BF-9359-AE1EF4F56D21}.AppStore|Any CPU.Build.0 = Release|x86
		{CD520C7B-052B-47BF-9359-AE1EF4F56D21}.AppStore|Any CPU.Deploy.0 = Release|x86
		{CD520C7B-052B-47BF-9359-AE1EF4F56D21}.AppStore|ARM.ActiveCfg = Release|ARM
		{CD520C7B-052B-47BF-9359-AE1EF4F56D21}.AppStore|ARM.Build.0 = Release|ARM
		{CD520C7B-052B-47BF-9359-AE1EF4F56D21}.AppStore|ARM.Deploy.0 = Release|ARM
		{CD520C7B-052B-47BF-9359-AE1EF4F56D21}.AppStore|iPhone.ActiveCfg = Release|x86
		{CD520C7B-052B-47BF-9359-AE1EF4F56D21}.AppStore|iPhone.Build.0 = Release|x86
		{CD520C7B-052B-47BF-9359-AE1EF4F56D21}.AppStore|iPhone.Deploy.0 = Release|x86
		{CD520C7B-052B-47BF-9359-AE1EF4F56D21}.AppStore|iPhoneSimulator.ActiveCfg = Release|x86
		{CD520C7B-052B-47BF-9359-AE1EF4F56D21}.AppStore|iPhoneSimulator.Build.0 = Release|x86
		{CD520C7B-052B-47BF-9359-AE1EF4F56D21}.AppStore|iPhoneSimulator.Deploy.0 = Release|x86
		{CD520C7B-052B-47BF-9359-AE1EF4F56D21}.AppStore|x64.ActiveCfg = Release|x64
		{CD520C7B-052B-47BF-9359-AE1EF4F56D21}.AppStore|x64.Build.0 = Release|x64
		{CD520C7B-052B-47BF-9359-AE1EF4F56D21}.AppStore|x64.Deploy.0 = Release|x64
		{CD520C7B-052B-47BF-9359-AE1EF4F56D21}.AppStore|x86.ActiveCfg = Release|x86
		{CD520C7B-052B-47BF-9359-AE1EF4F56D21}.AppStore|x86.Build.0 = Release|x86
		{CD520C7B-052B-47BF-9359-AE1EF4F56D21}.AppStore|x86.Deploy.0 = Release|x86
		{CD520C7B-052B-47BF-9359-AE1EF4F56D21}.Debug|Any CPU.ActiveCfg = Debug|x86
		{CD520C7B-052B-47BF-9359-AE1EF4F56D21}.Debug|ARM.ActiveCfg = Debug|ARM
		{CD520C7B-052B-47BF-9359-AE1EF4F56D21}.Debug|ARM.Build.0 = Debug|ARM
		{CD520C7B-052B-47BF-9359-AE1EF4F56D21}.Debug|ARM.Deploy.0 = Debug|ARM
		{CD520C7B-052B-47BF-9359-AE1EF4F56D21}.Debug|iPhone.ActiveCfg = Debug|x86
		{CD520C7B-052B-47BF-9359-AE1EF4F56D21}.Debug|iPhoneSimulator.ActiveCfg = Debug|x86
		{CD520C7B-052B-47BF-9359-AE1EF4F56D21}.Debug|x64.ActiveCfg = Debug|x64
		{CD520C7B-052B-47BF-9359-AE1EF4F56D21}.Debug|x64.Build.0 = Debug|x64
		{CD520C7B-052B-47BF-9359-AE1EF4F56D21}.Debug|x64.Deploy.0 = Debug|x64
		{CD520C7B-052B-47BF-9359-AE1EF4F56D21}.Debug|x86.ActiveCfg = Debug|x86
		{CD520C7B-052B-47BF-9359-AE1EF4F56D21}.Debug|x86.Build.0 = Debug|x86
		{CD520C7B-052B-47BF-9359-AE1EF4F56D21}.Debug|x86.Deploy.0 = Debug|x86
		{CD520C7B-052B-47BF-9359-AE1EF4F56D21}.Release|Any CPU.ActiveCfg = Release|x86
		{CD520C7B-052B-47BF-9359-AE1EF4F56D21}.Release|ARM.ActiveCfg = Release|ARM
		{CD520C7B-052B-47BF-9359-AE1EF4F56D21}.Release|ARM.Build.0 = Release|ARM
		{CD520C7B-052B-47BF-9359-AE1EF4F56D21}.Release|ARM.Deploy.0 = Release|ARM
		{CD520C7B-052B-47BF-9359-AE1EF4F56D21}.Release|iPhone.ActiveCfg = Release|x86
		{CD520C7B-052B-47BF-9359-AE1EF4F56D21}.Release|iPhoneSimulator.ActiveCfg = Release|x86
		{CD520C7B-052B-47BF-9359-AE1EF4F56D21}.Release|x64.ActiveCfg = Release|x64
		{CD520C7B-052B-47BF-9359-AE1EF4F56D21}.Release|x64.Build.0 = Release|x64
		{CD520C7B-052B-47BF-9359-AE1EF4F56D21}.Release|x64.Deploy.0 = Release|x64
		{CD520C7B-052B-47BF-9359-AE1EF4F56D21}.Release|x86.ActiveCfg = Release|x86
		{CD520C7B-052B-47BF-9359-AE1EF4F56D21}.Release|x86.Build.0 = Release|x86
		{CD520C7B-052B-47BF-9359-AE1EF4F56D21}.Release|x86.Deploy.0 = Release|x86
		{CD0B4E81-5DC3-4F4D-B27A-111B66931810}.Ad-Hoc|Any CPU.ActiveCfg = Debug|Any CPU
		{CD0B4E81-5DC3-4F4D-B27A-111B66931810}.Ad-Hoc|Any CPU.Build.0 = Debug|Any CPU
		{CD0B4E81-5DC3-4F4D-B27A-111B66931810}.Ad-Hoc|ARM.ActiveCfg = Debug|Any CPU
		{CD0B4E81-5DC3-4F4D-B27A-111B66931810}.Ad-Hoc|ARM.Build.0 = Debug|Any CPU
		{CD0B4E81-5DC3-4F4D-B27A-111B66931810}.Ad-Hoc|iPhone.ActiveCfg = Debug|Any CPU
		{CD0B4E81-5DC3-4F4D-B27A-111B66931810}.Ad-Hoc|iPhone.Build.0 = Debug|Any CPU
		{CD0B4E81-5DC3-4F4D-B27A-111B66931810}.Ad-Hoc|iPhoneSimulator.ActiveCfg = Debug|Any CPU
		{CD0B4E81-5DC3-4F4D-B27A-111B66931810}.Ad-Hoc|iPhoneSimulator.Build.0 = Debug|Any CPU
		{CD0B4E81-5DC3-4F4D-B27A-111B66931810}.Ad-Hoc|x64.ActiveCfg = Debug|Any CPU
		{CD0B4E81-5DC3-4F4D-B27A-111B66931810}.Ad-Hoc|x64.Build.0 = Debug|Any CPU
		{CD0B4E81-5DC3-4F4D-B27A-111B66931810}.Ad-Hoc|x86.ActiveCfg = Debug|Any CPU
		{CD0B4E81-5DC3-4F4D-B27A-111B66931810}.Ad-Hoc|x86.Build.0 = Debug|Any CPU
		{CD0B4E81-5DC3-4F4D-B27A-111B66931810}.AppStore|Any CPU.ActiveCfg = Debug|Any CPU
		{CD0B4E81-5DC3-4F4D-B27A-111B66931810}.AppStore|Any CPU.Build.0 = Debug|Any CPU
		{CD0B4E81-5DC3-4F4D-B27A-111B66931810}.AppStore|ARM.ActiveCfg = Debug|Any CPU
		{CD0B4E81-5DC3-4F4D-B27A-111B66931810}.AppStore|ARM.Build.0 = Debug|Any CPU
		{CD0B4E81-5DC3-4F4D-B27A-111B66931810}.AppStore|iPhone.ActiveCfg = Debug|Any CPU
		{CD0B4E81-5DC3-4F4D-B27A-111B66931810}.AppStore|iPhone.Build.0 = Debug|Any CPU
		{CD0B4E81-5DC3-4F4D-B27A-111B66931810}.AppStore|iPhoneSimulator.ActiveCfg = Debug|Any CPU
		{CD0B4E81-5DC3-4F4D-B27A-111B66931810}.AppStore|iPhoneSimulator.Build.0 = Debug|Any CPU
		{CD0B4E81-5DC3-4F4D-B27A-111B66931810}.AppStore|x64.ActiveCfg = Debug|Any CPU
		{CD0B4E81-5DC3-4F4D-B27A-111B66931810}.AppStore|x64.Build.0 = Debug|Any CPU
		{CD0B4E81-5DC3-4F4D-B27A-111B66931810}.AppStore|x86.ActiveCfg = Debug|Any CPU
		{CD0B4E81-5DC3-4F4D-B27A-111B66931810}.AppStore|x86.Build.0 = Debug|Any CPU
		{CD0B4E81-5DC3-4F4D-B27A-111B66931810}.Debug|Any CPU.ActiveCfg = Debug|Any CPU
		{CD0B4E81-5DC3-4F4D-B27A-111B66931810}.Debug|Any CPU.Build.0 = Debug|Any CPU
		{CD0B4E81-5DC3-4F4D-B27A-111B66931810}.Debug|ARM.ActiveCfg = Debug|Any CPU
		{CD0B4E81-5DC3-4F4D-B27A-111B66931810}.Debug|ARM.Build.0 = Debug|Any CPU
		{CD0B4E81-5DC3-4F4D-B27A-111B66931810}.Debug|iPhone.ActiveCfg = Debug|Any CPU
		{CD0B4E81-5DC3-4F4D-B27A-111B66931810}.Debug|iPhone.Build.0 = Debug|Any CPU
		{CD0B4E81-5DC3-4F4D-B27A-111B66931810}.Debug|iPhoneSimulator.ActiveCfg = Debug|Any CPU
		{CD0B4E81-5DC3-4F4D-B27A-111B66931810}.Debug|iPhoneSimulator.Build.0 = Debug|Any CPU
		{CD0B4E81-5DC3-4F4D-B27A-111B66931810}.Debug|x64.ActiveCfg = Debug|Any CPU
		{CD0B4E81-5DC3-4F4D-B27A-111B66931810}.Debug|x64.Build.0 = Debug|Any CPU
		{CD0B4E81-5DC3-4F4D-B27A-111B66931810}.Debug|x86.ActiveCfg = Debug|Any CPU
		{CD0B4E81-5DC3-4F4D-B27A-111B66931810}.Debug|x86.Build.0 = Debug|Any CPU
		{CD0B4E81-5DC3-4F4D-B27A-111B66931810}.Release|Any CPU.ActiveCfg = Release|Any CPU
		{CD0B4E81-5DC3-4F4D-B27A-111B66931810}.Release|Any CPU.Build.0 = Release|Any CPU
		{CD0B4E81-5DC3-4F4D-B27A-111B66931810}.Release|ARM.ActiveCfg = Release|Any CPU
		{CD0B4E81-5DC3-4F4D-B27A-111B66931810}.Release|ARM.Build.0 = Release|Any CPU
		{CD0B4E81-5DC3-4F4D-B27A-111B66931810}.Release|iPhone.ActiveCfg = Release|Any CPU
		{CD0B4E81-5DC3-4F4D-B27A-111B66931810}.Release|iPhone.Build.0 = Release|Any CPU
		{CD0B4E81-5DC3-4F4D-B27A-111B66931810}.Release|iPhoneSimulator.ActiveCfg = Release|Any CPU
		{CD0B4E81-5DC3-4F4D-B27A-111B66931810}.Release|iPhoneSimulator.Build.0 = Release|Any CPU
		{CD0B4E81-5DC3-4F4D-B27A-111B66931810}.Release|x64.ActiveCfg = Release|Any CPU
		{CD0B4E81-5DC3-4F4D-B27A-111B66931810}.Release|x64.Build.0 = Release|Any CPU
		{CD0B4E81-5DC3-4F4D-B27A-111B66931810}.Release|x86.ActiveCfg = Release|Any CPU
		{CD0B4E81-5DC3-4F4D-B27A-111B66931810}.Release|x86.Build.0 = Release|Any CPU
	EndGlobalSection
	GlobalSection(SolutionProperties) = preSolution
		HideSolutionNode = FALSE
	EndGlobalSection
	GlobalSection(ExtensibilityGlobals) = postSolution
		SolutionGuid = {5C0FA3F0-6313-420B-BD3E-6750BC0D6C1C}
	EndGlobalSection
EndGlobal
